
Microsoft Visual Studio Solution File, Format Version 12.00
# Visual Studio 15
VisualStudioVersion = 15.0.28307.168
MinimumVisualStudioVersion = 10.0.40219.1
Project("{8BC9CEB8-8B4A-11D0-8D11-00A0C91BC942}") = "host", "host.vcxproj", "{2E337A21-2470-44BA-B573-8E94F0E44A11}"
EndProject
Global
	GlobalSection(SolutionConfigurationPlatforms) = preSolution
		Debug|x64 = Debug|x64
		Debug|x86 = Debug|x86
		Release|x64 = Release|x64
		Release|x86 = Release|x86
	EndGlobalSection
	GlobalSection(ProjectConfigurationPlatforms) = postSolution
		{2E337A21-2470-44BA-B573-8E94F0E44A11}.Debug|x64.ActiveCfg = Debug|x64
		{2E337A21-2470-44BA-B573-8E94F0E44A11}.Debug|x64.Build.0 = Debug|x64
		{2E337A21-2470-44BA-B573-8E94F0E44A11}.Debug|x86.ActiveCfg = Debug|Win32
		{2E337A21-2470-44BA-B573-8E94F0E44A11}.Debug|x86.Build.0 = Debug|Win32
		{2E337A21-2470-44BA-B573-8E94F0E44A11}.Release|x64.ActiveCfg = Release|x64
		{2E337A21-2470-44BA-B573-8E94F0E44A11}.Release|x64.Build.0 = Release|x64
		{2E337A21-2470-44BA-B573-8E94F0E44A11}.Release|x86.ActiveCfg = Release|Win32
		{2E337A21-2470-44BA-B573-8E94F0E44A11}.Release|x86.Build.0 = Release|Win32
	EndGlobalSection
	GlobalSection(SolutionProperties) = preSolution
		HideSolutionNode = FALSE
	EndGlobalSection
	GlobalSection(ExtensibilityGlobals) = postSolution
		SolutionGuid = {B54FF9EC-0DA4-4B51-86BD-E83C8543DA40}
	EndGlobalSection
EndGlobal
